schema: '2.0'
stages:
  data_ingestion:
    cmd: python src/data_ingestion.py
    deps:
    - path: src/data_ingestion.py
      hash: md5
      md5: a056ef1a4e2c3b821555267bf00639fe
      size: 2940
    outs:
    - path: data/raw
      hash: md5
      md5: 1a287d34dc172d9f950c03dae35f7e73.dir
      size: 484846
      nfiles: 2
  data_preprocessing:
    cmd: python src/data_preprocessing.py
    deps:
    - path: data/raw
      hash: md5
      md5: 1a287d34dc172d9f950c03dae35f7e73.dir
      size: 484846
      nfiles: 2
    - path: src/data_preprocessing.py
      hash: md5
      md5: 3fe91106c77f61c26ddd4d1dbbfed35b
      size: 4001
    outs:
    - path: data/interim
      hash: md5
      md5: d99be5cb2b019d747166f90739fa6d08.dir
      size: 260073
      nfiles: 2
  feature_engineering:
    cmd: python src/feature_engineering.py
    deps:
    - path: data/interim
      hash: md5
      md5: d99be5cb2b019d747166f90739fa6d08.dir
      size: 260073
      nfiles: 2
    - path: src/feature_engineering.py
      hash: md5
      md5: 7703d727cacfb7ddae7969fc5b35b324
      size: 3202
    outs:
    - path: data/processed
      hash: md5
      md5: c0d85ddb7ab99b6171fc723bffeee71f.dir
      size: 1180012
      nfiles: 2
  model_building:
    cmd: python src/model_building.py
    deps:
    - path: data/processed
      hash: md5
      md5: c0d85ddb7ab99b6171fc723bffeee71f.dir
      size: 1180012
      nfiles: 2
    - path: src/model_building.py
      hash: md5
      md5: 7932ad66cbe46bb6ea2ae7859cd1f034
      size: 3839
    outs:
    - path: models/model.pkl
      hash: md5
      md5: 8d1f0d9cb3783bb853f3fa2d5b3263c2
      size: 998454
  model_evaluation:
    cmd: python src/model_evaluation.py
    deps:
    - path: models/model.pkl
      hash: md5
      md5: 8d1f0d9cb3783bb853f3fa2d5b3263c2
      size: 998454
    - path: src/model_evaluation.py
      hash: md5
      md5: 3f47a2c10b2dc6af419600dc3397ca68
      size: 3627
    outs:
    - path: reports/metrics.json
      hash: md5
      md5: eac6afc8901064a391e7366797af3727
      size: 145
